
Microsoft Visual Studio Solution File, Format Version 12.00
# Visual Studio 15
VisualStudioVersion = 15.0.27004.2002
MinimumVisualStudioVersion = 10.0.40219.1
Project("{FAE04EC0-301F-11D3-BF4B-00C04F79EFBC}") = "Fifth", "Fifth\Fifth.csproj", "{6833E197-D11F-47F0-8836-B77B9E69C57C}"
EndProject
Global
	GlobalSection(SolutionConfigurationPlatforms) = preSolution
		Debug|Any CPU = Debug|Any CPU
		Release|Any CPU = Release|Any CPU
	EndGlobalSection
	GlobalSection(ProjectConfigurationPlatforms) = postSolution
		{6833E197-D11F-47F0-8836-B77B9E69C57C}.Debug|Any CPU.ActiveCfg = Debug|Any CPU
		{6833E197-D11F-47F0-8836-B77B9E69C57C}.Debug|Any CPU.Build.0 = Debug|Any CPU
		{6833E197-D11F-47F0-8836-B77B9E69C57C}.Release|Any CPU.ActiveCfg = Release|Any CPU
		{6833E197-D11F-47F0-8836-B77B9E69C57C}.Release|Any CPU.Build.0 = Release|Any CPU
	EndGlobalSection
	GlobalSection(SolutionProperties) = preSolution
		HideSolutionNode = FALSE
	EndGlobalSection
	GlobalSection(ExtensibilityGlobals) = postSolution
		SolutionGuid = {052D34B5-3B20-4207-8EC2-93F284DCE7DB}
	EndGlobalSection
EndGlobal
