
Microsoft Visual Studio Solution File, Format Version 12.00
# Visual Studio 15
VisualStudioVersion = 15.0.26730.12
MinimumVisualStudioVersion = 10.0.40219.1
Project("{FAE04EC0-301F-11D3-BF4B-00C04F79EFBC}") = "Second", "Second\Second.csproj", "{26E5D204-21BF-49F8-99CD-E1F91FE484FC}"
EndProject
Global
	GlobalSection(SolutionConfigurationPlatforms) = preSolution
		Debug|Any CPU = Debug|Any CPU
		Release|Any CPU = Release|Any CPU
	EndGlobalSection
	GlobalSection(ProjectConfigurationPlatforms) = postSolution
		{26E5D204-21BF-49F8-99CD-E1F91FE484FC}.Debug|Any CPU.ActiveCfg = Debug|Any CPU
		{26E5D204-21BF-49F8-99CD-E1F91FE484FC}.Debug|Any CPU.Build.0 = Debug|Any CPU
		{26E5D204-21BF-49F8-99CD-E1F91FE484FC}.Release|Any CPU.ActiveCfg = Release|Any CPU
		{26E5D204-21BF-49F8-99CD-E1F91FE484FC}.Release|Any CPU.Build.0 = Release|Any CPU
	EndGlobalSection
	GlobalSection(SolutionProperties) = preSolution
		HideSolutionNode = FALSE
	EndGlobalSection
	GlobalSection(ExtensibilityGlobals) = postSolution
		SolutionGuid = {BCF365DE-6427-406C-8BD3-9C9781F87742}
	EndGlobalSection
EndGlobal
